
Microsoft Visual Studio Solution File, Format Version 12.00
# Visual Studio Version 17
VisualStudioVersion = 17.1.32228.430
MinimumVisualStudioVersion = 10.0.40219.1
Project("{FAE04EC0-301F-11D3-BF4B-00C04F79EFBC}") = "Robots", "Robots\Robots.csproj", "{BD8E80FB-3E65-484A-BDD7-B494CB2FE1ED}"
EndProject
Global
	GlobalSection(SolutionConfigurationPlatforms) = preSolution
		Debug|Any CPU = Debug|Any CPU
		Release|Any CPU = Release|Any CPU
	EndGlobalSection
	GlobalSection(ProjectConfigurationPlatforms) = postSolution
		{BD8E80FB-3E65-484A-BDD7-B494CB2FE1ED}.Debug|Any CPU.ActiveCfg = Debug|Any CPU
		{BD8E80FB-3E65-484A-BDD7-B494CB2FE1ED}.Debug|Any CPU.Build.0 = Debug|Any CPU
		{BD8E80FB-3E65-484A-BDD7-B494CB2FE1ED}.Release|Any CPU.ActiveCfg = Release|Any CPU
		{BD8E80FB-3E65-484A-BDD7-B494CB2FE1ED}.Release|Any CPU.Build.0 = Release|Any CPU
	EndGlobalSection
	GlobalSection(SolutionProperties) = preSolution
		HideSolutionNode = FALSE
	EndGlobalSection
	GlobalSection(ExtensibilityGlobals) = postSolution
		SolutionGuid = {0A944973-0AFC-4326-A2BA-3599D7641A6D}
	EndGlobalSection
EndGlobal
